
Microsoft Visual Studio Solution File, Format Version 12.00
# Visual Studio Version 17
VisualStudioVersion = 17.10.34902.84
MinimumVisualStudioVersion = 10.0.40219.1
Project("{9A19103F-16F7-4668-BE54-9A1E7A4F7556}") = "ProyectoFinal", "ProyectoFinal\ProyectoFinal.csproj", "{3379A64D-27E4-4ACA-A981-F938E989D778}"
EndProject
Project("{FAE04EC0-301F-11D3-BF4B-00C04F79EFBC}") = "FerreteriaLib", "FerreteriaLib\FerreteriaLib.csproj", "{22D5F0F9-F307-4208-9D2A-57120DBA7254}"
EndProject
Global
	GlobalSection(SolutionConfigurationPlatforms) = preSolution
		Debug|Any CPU = Debug|Any CPU
		Release|Any CPU = Release|Any CPU
	EndGlobalSection
	GlobalSection(ProjectConfigurationPlatforms) = postSolution
		{3379A64D-27E4-4ACA-A981-F938E989D778}.Debug|Any CPU.ActiveCfg = Debug|Any CPU
		{3379A64D-27E4-4ACA-A981-F938E989D778}.Debug|Any CPU.Build.0 = Debug|Any CPU
		{3379A64D-27E4-4ACA-A981-F938E989D778}.Release|Any CPU.ActiveCfg = Release|Any CPU
		{3379A64D-27E4-4ACA-A981-F938E989D778}.Release|Any CPU.Build.0 = Release|Any CPU
		{22D5F0F9-F307-4208-9D2A-57120DBA7254}.Debug|Any CPU.ActiveCfg = Debug|Any CPU
		{22D5F0F9-F307-4208-9D2A-57120DBA7254}.Debug|Any CPU.Build.0 = Debug|Any CPU
		{22D5F0F9-F307-4208-9D2A-57120DBA7254}.Release|Any CPU.ActiveCfg = Release|Any CPU
		{22D5F0F9-F307-4208-9D2A-57120DBA7254}.Release|Any CPU.Build.0 = Release|Any CPU
	EndGlobalSection
	GlobalSection(SolutionProperties) = preSolution
		HideSolutionNode = FALSE
	EndGlobalSection
	GlobalSection(ExtensibilityGlobals) = postSolution
		SolutionGuid = {BF2240A7-CF96-4A6F-8900-9E7F96EC04C4}
	EndGlobalSection
EndGlobal
